
Microsoft Visual Studio Solution File, Format Version 12.00
# Visual Studio Version 17
VisualStudioVersion = 17.0.31521.260
MinimumVisualStudioVersion = 10.0.40219.1
Project("{9A19103F-16F7-4668-BE54-9A1E7A4F7556}") = "TGBotGame", "TGBotGame\TGBotGame.csproj", "{C326B2D0-C86A-4EA1-B1F0-86C6C5239840}"
EndProject
Project("{9A19103F-16F7-4668-BE54-9A1E7A4F7556}") = "BotDataSet", "BotDataSet\BotDataSet.csproj", "{C9545CB0-E754-4893-B04B-077286C17D99}"
EndProject
Project("{FAE04EC0-301F-11D3-BF4B-00C04F79EFBC}") = "BotTesting", "BotTesting\BotTesting.csproj", "{5F9B457A-7E05-4B6C-AB79-6C7B3CB62A52}"
EndProject
Project("{FAE04EC0-301F-11D3-BF4B-00C04F79EFBC}") = "BotLogger", "BotLogger\BotLogger.csproj", "{B56B96F1-CA23-481A-BA13-A57762F1C530}"
EndProject
Global
	GlobalSection(SolutionConfigurationPlatforms) = preSolution
		Debug|Any CPU = Debug|Any CPU
		Release|Any CPU = Release|Any CPU
	EndGlobalSection
	GlobalSection(ProjectConfigurationPlatforms) = postSolution
		{C326B2D0-C86A-4EA1-B1F0-86C6C5239840}.Release|Any CPU.ActiveCfg = Release|Any CPU
		{C326B2D0-C86A-4EA1-B1F0-86C6C5239840}.Release|Any CPU.Build.0 = Release|Any CPU
		{C326B2D0-C86A-4EA1-B1F0-86C6C5239840}.Debug|Any CPU.ActiveCfg = Release|Any CPU
		{C326B2D0-C86A-4EA1-B1F0-86C6C5239840}.Debug|Any CPU.Build.0 = Release|Any CPU
		{C9545CB0-E754-4893-B04B-077286C17D99}.Release|Any CPU.ActiveCfg = Release|Any CPU
		{C9545CB0-E754-4893-B04B-077286C17D99}.Release|Any CPU.Build.0 = Release|Any CPU
		{C9545CB0-E754-4893-B04B-077286C17D99}.Debug|Any CPU.ActiveCfg = Release|Any CPU
		{C9545CB0-E754-4893-B04B-077286C17D99}.Debug|Any CPU.Build.0 = Release|Any CPU
		{5F9B457A-7E05-4B6C-AB79-6C7B3CB62A52}.Debug|Any CPU.ActiveCfg = Debug|Any CPU
		{5F9B457A-7E05-4B6C-AB79-6C7B3CB62A52}.Release|Any CPU.ActiveCfg = Release|Any CPU
		{5F9B457A-7E05-4B6C-AB79-6C7B3CB62A52}.Release|Any CPU.Build.0 = Release|Any CPU
		{B56B96F1-CA23-481A-BA13-A57762F1C530}.Release|Any CPU.ActiveCfg = Release|Any CPU
		{B56B96F1-CA23-481A-BA13-A57762F1C530}.Release|Any CPU.Build.0 = Release|Any CPU
		{B56B96F1-CA23-481A-BA13-A57762F1C530}.Debug|Any CPU.ActiveCfg = Release|Any CPU
		{B56B96F1-CA23-481A-BA13-A57762F1C530}.Debug|Any CPU.Build.0 = Release|Any CPU
	EndGlobalSection
	GlobalSection(SolutionProperties) = preSolution
		HideSolutionNode = FALSE
	EndGlobalSection
	GlobalSection(ExtensibilityGlobals) = postSolution
		SolutionGuid = {743AEAC4-6F04-474D-8FA7-C28346EE7158}
	EndGlobalSection
EndGlobal
